
Microsoft Visual Studio Solution File, Format Version 12.00
# Visual Studio Version 16
VisualStudioVersion = 16.0.28803.202
MinimumVisualStudioVersion = 10.0.40219.1
Project("{FAE04EC0-301F-11D3-BF4B-00C04F79EFBC}") = "HomeWork", "HomeWork\HomeWork.csproj", "{57878099-7F32-4B5B-8434-94091EBC6520}"
EndProject
Global
	GlobalSection(SolutionConfigurationPlatforms) = preSolution
		Debug|Any CPU = Debug|Any CPU
		Release|Any CPU = Release|Any CPU
	EndGlobalSection
	GlobalSection(ProjectConfigurationPlatforms) = postSolution
		{57878099-7F32-4B5B-8434-94091EBC6520}.Debug|Any CPU.ActiveCfg = Debug|Any CPU
		{57878099-7F32-4B5B-8434-94091EBC6520}.Debug|Any CPU.Build.0 = Debug|Any CPU
		{57878099-7F32-4B5B-8434-94091EBC6520}.Release|Any CPU.ActiveCfg = Release|Any CPU
		{57878099-7F32-4B5B-8434-94091EBC6520}.Release|Any CPU.Build.0 = Release|Any CPU
	EndGlobalSection
	GlobalSection(SolutionProperties) = preSolution
		HideSolutionNode = FALSE
	EndGlobalSection
	GlobalSection(ExtensibilityGlobals) = postSolution
		SolutionGuid = {5DEFCEBC-2EA8-4344-9DA9-D62C356AC0F5}
	EndGlobalSection
EndGlobal
